// !$*UTF8*$!
{
	archiveVersion = 1;
	classes = {
	};
	objectVersion = 60;
	objects = {

/* Begin PBXBuildFile section */
		8278AEE62DBF7A1000E6A7CB /* EventCore in Frameworks */ = {isa = PBXBuildFile; productRef = 8278AEE52DBF7A1000E6A7CB /* EventCore */; };
		827CC25C2DBD2CFC0042FB6A /* Localizable.strings in Resources */ = {isa = PBXBuildFile; fileRef = 827CC25A2DBD2CFC0042FB6A /* Localizable.strings */; };
		82844B732DD0D0A800264067 /* ActivityModel.xcdatamodeld in Sources */ = {isa = PBXBuildFile; fileRef = 82844B712DD0D0A800264067 /* ActivityModel.xcdatamodeld */; };
		82844B762DD0D72000264067 /* Event+CoreDataClass.swift in Sources */ = {isa = PBXBuildFile; fileRef = 82844B742DD0D72000264067 /* Event+CoreDataClass.swift */; };
		82844B772DD0D72000264067 /* Event+CoreDataProperties.swift in Sources */ = {isa = PBXBuildFile; fileRef = 82844B752DD0D72000264067 /* Event+CoreDataProperties.swift */; };
		82844B792DD1114600264067 /* PersistenceController.swift in Sources */ = {isa = PBXBuildFile; fileRef = 82844B782DD1114600264067 /* PersistenceController.swift */; };
		82D3B33F2DB99163000C59C4 /* ActivityApp.swift in Sources */ = {isa = PBXBuildFile; fileRef = 82D3B33E2DB99163000C59C4 /* ActivityApp.swift */; };
		82D3B3412DB99163000C59C4 /* ContentView.swift in Sources */ = {isa = PBXBuildFile; fileRef = 82D3B3402DB99163000C59C4 /* ContentView.swift */; };
		82D3B3432DB99165000C59C4 /* Assets.xcassets in Resources */ = {isa = PBXBuildFile; fileRef = 82D3B3422DB99165000C59C4 /* Assets.xcassets */; };
		82D3B3462DB99165000C59C4 /* Preview Assets.xcassets in Resources */ = {isa = PBXBuildFile; fileRef = 82D3B3452DB99165000C59C4 /* Preview Assets.xcassets */; };
		82D3B3502DB99165000C59C4 /* ActivityTests.swift in Sources */ = {isa = PBXBuildFile; fileRef = 82D3B34F2DB99165000C59C4 /* ActivityTests.swift */; };
		82D3B35A2DB99165000C59C4 /* ActivityUITests.swift in Sources */ = {isa = PBXBuildFile; fileRef = 82D3B3592DB99165000C59C4 /* ActivityUITests.swift */; };
		82D3B35C2DB99165000C59C4 /* ActivityUITestsLaunchTests.swift in Sources */ = {isa = PBXBuildFile; fileRef = 82D3B35B2DB99165000C59C4 /* ActivityUITestsLaunchTests.swift */; };
		82E326272DBF6C6A0099C532 /* CalendarViewModel.swift in Sources */ = {isa = PBXBuildFile; fileRef = 82E326262DBF6C6A0099C532 /* CalendarViewModel.swift */; };
		82E3262A2DBF73920099C532 /* AppEvent.swift in Sources */ = {isa = PBXBuildFile; fileRef = 82E326292DBF73920099C532 /* AppEvent.swift */; };
/* End PBXBuildFile section */

/* Begin PBXContainerItemProxy section */
		82D3B34C2DB99165000C59C4 /* PBXContainerItemProxy */ = {
			isa = PBXContainerItemProxy;
			containerPortal = 82D3B3332DB99163000C59C4 /* Project object */;
			proxyType = 1;
			remoteGlobalIDString = 82D3B33A2DB99163000C59C4;
			remoteInfo = Activity;
		};
		82D3B3562DB99165000C59C4 /* PBXContainerItemProxy */ = {
			isa = PBXContainerItemProxy;
			containerPortal = 82D3B3332DB99163000C59C4 /* Project object */;
			proxyType = 1;
			remoteGlobalIDString = 82D3B33A2DB99163000C59C4;
			remoteInfo = Activity;
		};
/* End PBXContainerItemProxy section */

/* Begin PBXFileReference section */
		827CC25B2DBD2CFC0042FB6A /* en */ = {isa = PBXFileReference; lastKnownFileType = text.plist.strings; name = en; path = en.lproj/Localizable.strings; sourceTree = "<group>"; };
		827CC25D2DBD2DC70042FB6A /* de */ = {isa = PBXFileReference; lastKnownFileType = text.plist.strings; name = de; path = de.lproj/Localizable.strings; sourceTree = "<group>"; };
		82844B722DD0D0A800264067 /* ActivityModel.xcdatamodel */ = {isa = PBXFileReference; lastKnownFileType = wrapper.xcdatamodel; path = ActivityModel.xcdatamodel; sourceTree = "<group>"; };
		82844B742DD0D72000264067 /* Event+CoreDataClass.swift */ = {isa = PBXFileReference; lastKnownFileType = sourcecode.swift; path = "Event+CoreDataClass.swift"; sourceTree = "<group>"; };
		82844B752DD0D72000264067 /* Event+CoreDataProperties.swift */ = {isa = PBXFileReference; lastKnownFileType = sourcecode.swift; path = "Event+CoreDataProperties.swift"; sourceTree = "<group>"; };
		82844B782DD1114600264067 /* PersistenceController.swift */ = {isa = PBXFileReference; lastKnownFileType = sourcecode.swift; path = PersistenceController.swift; sourceTree = "<group>"; };
		82D3B33B2DB99163000C59C4 /* Activity.app */ = {isa = PBXFileReference; explicitFileType = wrapper.application; includeInIndex = 0; path = Activity.app; sourceTree = BUILT_PRODUCTS_DIR; };
		82D3B33E2DB99163000C59C4 /* ActivityApp.swift */ = {isa = PBXFileReference; lastKnownFileType = sourcecode.swift; path = ActivityApp.swift; sourceTree = "<group>"; };
		82D3B3402DB99163000C59C4 /* ContentView.swift */ = {isa = PBXFileReference; lastKnownFileType = sourcecode.swift; path = ContentView.swift; sourceTree = "<group>"; };
		82D3B3422DB99165000C59C4 /* Assets.xcassets */ = {isa = PBXFileReference; lastKnownFileType = folder.assetcatalog; path = Assets.xcassets; sourceTree = "<group>"; };
		82D3B3452DB99165000C59C4 /* Preview Assets.xcassets */ = {isa = PBXFileReference; lastKnownFileType = folder.assetcatalog; path = "Preview Assets.xcassets"; sourceTree = "<group>"; };
		82D3B34B2DB99165000C59C4 /* ActivityTests.xctest */ = {isa = PBXFileReference; explicitFileType = wrapper.cfbundle; includeInIndex = 0; path = ActivityTests.xctest; sourceTree = BUILT_PRODUCTS_DIR; };
		82D3B34F2DB99165000C59C4 /* ActivityTests.swift */ = {isa = PBXFileReference; lastKnownFileType = sourcecode.swift; path = ActivityTests.swift; sourceTree = "<group>"; };
		82D3B3552DB99165000C59C4 /* ActivityUITests.xctest */ = {isa = PBXFileReference; explicitFileType = wrapper.cfbundle; includeInIndex = 0; path = ActivityUITests.xctest; sourceTree = BUILT_PRODUCTS_DIR; };
		82D3B3592DB99165000C59C4 /* ActivityUITests.swift */ = {isa = PBXFileReference; lastKnownFileType = sourcecode.swift; path = ActivityUITests.swift; sourceTree = "<group>"; };
		82D3B35B2DB99165000C59C4 /* ActivityUITestsLaunchTests.swift */ = {isa = PBXFileReference; lastKnownFileType = sourcecode.swift; path = ActivityUITestsLaunchTests.swift; sourceTree = "<group>"; };
		82E326262DBF6C6A0099C532 /* CalendarViewModel.swift */ = {isa = PBXFileReference; lastKnownFileType = sourcecode.swift; path = CalendarViewModel.swift; sourceTree = "<group>"; };
		82E326292DBF73920099C532 /* AppEvent.swift */ = {isa = PBXFileReference; lastKnownFileType = sourcecode.swift; path = AppEvent.swift; sourceTree = "<group>"; };
		82E8C0842DBD3135002E9942 /* tr */ = {isa = PBXFileReference; lastKnownFileType = text.plist.strings; name = tr; path = tr.lproj/Localizable.strings; sourceTree = "<group>"; };
/* End PBXFileReference section */

/* Begin PBXFrameworksBuildPhase section */
		82D3B3382DB99163000C59C4 /* Frameworks */ = {
			isa = PBXFrameworksBuildPhase;
			buildActionMask = 2147483647;
			files = (
				8278AEE62DBF7A1000E6A7CB /* EventCore in Frameworks */,
			);
			runOnlyForDeploymentPostprocessing = 0;
		};
		82D3B3482DB99165000C59C4 /* Frameworks */ = {
			isa = PBXFrameworksBuildPhase;
			buildActionMask = 2147483647;
			files = (
			);
			runOnlyForDeploymentPostprocessing = 0;
		};
		82D3B3522DB99165000C59C4 /* Frameworks */ = {
			isa = PBXFrameworksBuildPhase;
			buildActionMask = 2147483647;
			files = (
			);
			runOnlyForDeploymentPostprocessing = 0;
		};
/* End PBXFrameworksBuildPhase section */

/* Begin PBXGroup section */
		827CC2592DBD2CD00042FB6A /* Localization */ = {
			isa = PBXGroup;
			children = (
				827CC25A2DBD2CFC0042FB6A /* Localizable.strings */,
			);
			path = Localization;
			sourceTree = "<group>";
		};
		82D3B3322DB99163000C59C4 = {
			isa = PBXGroup;
			children = (
				82844B742DD0D72000264067 /* Event+CoreDataClass.swift */,
				82844B752DD0D72000264067 /* Event+CoreDataProperties.swift */,
				82844B712DD0D0A800264067 /* ActivityModel.xcdatamodeld */,
				827CC2592DBD2CD00042FB6A /* Localization */,
				82D3B36C2DBA5238000C59C4 /* ViewModel */,
				82D3B36B2DBA5231000C59C4 /* View */,
				82D3B36A2DBA5219000C59C4 /* Model */,
				82D3B33D2DB99163000C59C4 /* Activity */,
				82D3B34E2DB99165000C59C4 /* ActivityTests */,
				82D3B3582DB99165000C59C4 /* ActivityUITests */,
				82D3B33C2DB99163000C59C4 /* Products */,
			);
			sourceTree = "<group>";
		};
		82D3B33C2DB99163000C59C4 /* Products */ = {
			isa = PBXGroup;
			children = (
				82D3B33B2DB99163000C59C4 /* Activity.app */,
				82D3B34B2DB99165000C59C4 /* ActivityTests.xctest */,
				82D3B3552DB99165000C59C4 /* ActivityUITests.xctest */,
			);
			name = Products;
			sourceTree = "<group>";
		};
		82D3B33D2DB99163000C59C4 /* Activity */ = {
			isa = PBXGroup;
			children = (
				82D3B33E2DB99163000C59C4 /* ActivityApp.swift */,
				82844B782DD1114600264067 /* PersistenceController.swift */,
				82D3B3422DB99165000C59C4 /* Assets.xcassets */,
				82D3B3442DB99165000C59C4 /* Preview Content */,
			);
			path = Activity;
			sourceTree = "<group>";
		};
		82D3B3442DB99165000C59C4 /* Preview Content */ = {
			isa = PBXGroup;
			children = (
				82D3B3452DB99165000C59C4 /* Preview Assets.xcassets */,
			);
			path = "Preview Content";
			sourceTree = "<group>";
		};
		82D3B34E2DB99165000C59C4 /* ActivityTests */ = {
			isa = PBXGroup;
			children = (
				82D3B34F2DB99165000C59C4 /* ActivityTests.swift */,
			);
			path = ActivityTests;
			sourceTree = "<group>";
		};
		82D3B3582DB99165000C59C4 /* ActivityUITests */ = {
			isa = PBXGroup;
			children = (
				82D3B3592DB99165000C59C4 /* ActivityUITests.swift */,
				82D3B35B2DB99165000C59C4 /* ActivityUITestsLaunchTests.swift */,
			);
			path = ActivityUITests;
			sourceTree = "<group>";
		};
		82D3B36A2DBA5219000C59C4 /* Model */ = {
			isa = PBXGroup;
			children = (
				82E326292DBF73920099C532 /* AppEvent.swift */,
			);
			path = Model;
			sourceTree = "<group>";
		};
		82D3B36B2DBA5231000C59C4 /* View */ = {
			isa = PBXGroup;
			children = (
				82D3B3402DB99163000C59C4 /* ContentView.swift */,
			);
			path = View;
			sourceTree = "<group>";
		};
		82D3B36C2DBA5238000C59C4 /* ViewModel */ = {
			isa = PBXGroup;
			children = (
				82E326262DBF6C6A0099C532 /* CalendarViewModel.swift */,
			);
			path = ViewModel;
			sourceTree = "<group>";
		};
/* End PBXGroup section */

/* Begin PBXNativeTarget section */
		82D3B33A2DB99163000C59C4 /* Activity */ = {
			isa = PBXNativeTarget;
			buildConfigurationList = 82D3B35F2DB99165000C59C4 /* Build configuration list for PBXNativeTarget "Activity" */;
			buildPhases = (
				82D3B3372DB99163000C59C4 /* Sources */,
				82D3B3382DB99163000C59C4 /* Frameworks */,
				82D3B3392DB99163000C59C4 /* Resources */,
			);
			buildRules = (
			);
			dependencies = (
			);
			name = Activity;
			packageProductDependencies = (
				8278AEE52DBF7A1000E6A7CB /* EventCore */,
			);
			productName = Activity;
			productReference = 82D3B33B2DB99163000C59C4 /* Activity.app */;
			productType = "com.apple.product-type.application";
		};
		82D3B34A2DB99165000C59C4 /* ActivityTests */ = {
			isa = PBXNativeTarget;
			buildConfigurationList = 82D3B3622DB99165000C59C4 /* Build configuration list for PBXNativeTarget "ActivityTests" */;
			buildPhases = (
				82D3B3472DB99165000C59C4 /* Sources */,
				82D3B3482DB99165000C59C4 /* Frameworks */,
				82D3B3492DB99165000C59C4 /* Resources */,
			);
			buildRules = (
			);
			dependencies = (
				82D3B34D2DB99165000C59C4 /* PBXTargetDependency */,
			);
			name = ActivityTests;
			productName = ActivityTests;
			productReference = 82D3B34B2DB99165000C59C4 /* ActivityTests.xctest */;
			productType = "com.apple.product-type.bundle.unit-test";
		};
		82D3B3542DB99165000C59C4 /* ActivityUITests */ = {
			isa = PBXNativeTarget;
			buildConfigurationList = 82D3B3652DB99165000C59C4 /* Build configuration list for PBXNativeTarget "ActivityUITests" */;
			buildPhases = (
				82D3B3512DB99165000C59C4 /* Sources */,
				82D3B3522DB99165000C59C4 /* Frameworks */,
				82D3B3532DB99165000C59C4 /* Resources */,
			);
			buildRules = (
			);
			dependencies = (
				82D3B3572DB99165000C59C4 /* PBXTargetDependency */,
			);
			name = ActivityUITests;
			productName = ActivityUITests;
			productReference = 82D3B3552DB99165000C59C4 /* ActivityUITests.xctest */;
			productType = "com.apple.product-type.bundle.ui-testing";
		};
/* End PBXNativeTarget section */

/* Begin PBXProject section */
		82D3B3332DB99163000C59C4 /* Project object */ = {
			isa = PBXProject;
			attributes = {
				BuildIndependentTargetsInParallel = 1;
				LastSwiftUpdateCheck = 1600;
				LastUpgradeCheck = 1600;
				TargetAttributes = {
					82D3B33A2DB99163000C59C4 = {
						CreatedOnToolsVersion = 16.0;
					};
					82D3B34A2DB99165000C59C4 = {
						CreatedOnToolsVersion = 16.0;
						TestTargetID = 82D3B33A2DB99163000C59C4;
					};
					82D3B3542DB99165000C59C4 = {
						CreatedOnToolsVersion = 16.0;
						TestTargetID = 82D3B33A2DB99163000C59C4;
					};
				};
			};
			buildConfigurationList = 82D3B3362DB99163000C59C4 /* Build configuration list for PBXProject "Activity" */;
			compatibilityVersion = "Xcode 15.0";
			developmentRegion = en;
			hasScannedForEncodings = 0;
			knownRegions = (
				en,
				Base,
				de,
				tr,
			);
			mainGroup = 82D3B3322DB99163000C59C4;
			packageReferences = (
				8278AEE42DBF7A1000E6A7CB /* XCRemoteSwiftPackageReference "EvenCore" */,
			);
			productRefGroup = 82D3B33C2DB99163000C59C4 /* Products */;
			projectDirPath = "";
			projectRoot = "";
			targets = (
				82D3B33A2DB99163000C59C4 /* Activity */,
				82D3B34A2DB99165000C59C4 /* ActivityTests */,
				82D3B3542DB99165000C59C4 /* ActivityUITests */,
			);
		};
/* End PBXProject section */

/* Begin PBXResourcesBuildPhase section */
		82D3B3392DB99163000C59C4 /* Resources */ = {
			isa = PBXResourcesBuildPhase;
			buildActionMask = 2147483647;
			files = (
				82D3B3462DB99165000C59C4 /* Preview Assets.xcassets in Resources */,
				827CC25C2DBD2CFC0042FB6A /* Localizable.strings in Resources */,
				82D3B3432DB99165000C59C4 /* Assets.xcassets in Resources */,
			);
			runOnlyForDeploymentPostprocessing = 0;
		};
		82D3B3492DB99165000C59C4 /* Resources */ = {
			isa = PBXResourcesBuildPhase;
			buildActionMask = 2147483647;
			files = (
			);
			runOnlyForDeploymentPostprocessing = 0;
		};
		82D3B3532DB99165000C59C4 /* Resources */ = {
			isa = PBXResourcesBuildPhase;
			buildActionMask = 2147483647;
			files = (
			);
			runOnlyForDeploymentPostprocessing = 0;
		};
/* End PBXResourcesBuildPhase section */

/* Begin PBXSourcesBuildPhase section */
		82D3B3372DB99163000C59C4 /* Sources */ = {
			isa = PBXSourcesBuildPhase;
			buildActionMask = 2147483647;
			files = (
				82844B762DD0D72000264067 /* Event+CoreDataClass.swift in Sources */,
				82844B772DD0D72000264067 /* Event+CoreDataProperties.swift in Sources */,
				82E3262A2DBF73920099C532 /* AppEvent.swift in Sources */,
				82E326272DBF6C6A0099C532 /* CalendarViewModel.swift in Sources */,
				82D3B3412DB99163000C59C4 /* ContentView.swift in Sources */,
				82844B732DD0D0A800264067 /* ActivityModel.xcdatamodeld in Sources */,
				82D3B33F2DB99163000C59C4 /* ActivityApp.swift in Sources */,
				82844B792DD1114600264067 /* PersistenceController.swift in Sources */,
			);
			runOnlyForDeploymentPostprocessing = 0;
		};
		82D3B3472DB99165000C59C4 /* Sources */ = {
			isa = PBXSourcesBuildPhase;
			buildActionMask = 2147483647;
			files = (
				82D3B3502DB99165000C59C4 /* ActivityTests.swift in Sources */,
			);
			runOnlyForDeploymentPostprocessing = 0;
		};
		82D3B3512DB99165000C59C4 /* Sources */ = {
			isa = PBXSourcesBuildPhase;
			buildActionMask = 2147483647;
			files = (
				82D3B35C2DB99165000C59C4 /* ActivityUITestsLaunchTests.swift in Sources */,
				82D3B35A2DB99165000C59C4 /* ActivityUITests.swift in Sources */,
			);
			runOnlyForDeploymentPostprocessing = 0;
		};
/* End PBXSourcesBuildPhase section */

/* Begin PBXTargetDependency section */
		82D3B34D2DB99165000C59C4 /* PBXTargetDependency */ = {
			isa = PBXTargetDependency;
			target = 82D3B33A2DB99163000C59C4 /* Activity */;
			targetProxy = 82D3B34C2DB99165000C59C4 /* PBXContainerItemProxy */;
		};
		82D3B3572DB99165000C59C4 /* PBXTargetDependency */ = {
			isa = PBXTargetDependency;
			target = 82D3B33A2DB99163000C59C4 /* Activity */;
			targetProxy = 82D3B3562DB99165000C59C4 /* PBXContainerItemProxy */;
		};
/* End PBXTargetDependency section */

/* Begin PBXVariantGroup section */
		827CC25A2DBD2CFC0042FB6A /* Localizable.strings */ = {
			isa = PBXVariantGroup;
			children = (
				827CC25B2DBD2CFC0042FB6A /* en */,
				827CC25D2DBD2DC70042FB6A /* de */,
				82E8C0842DBD3135002E9942 /* tr */,
			);
			name = Localizable.strings;
			sourceTree = "<group>";
		};
/* End PBXVariantGroup section */

/* Begin XCBuildConfiguration section */
		82D3B35D2DB99165000C59C4 /* Debug */ = {
			isa = XCBuildConfiguration;
			buildSettings = {
				ALWAYS_SEARCH_USER_PATHS = NO;
				ASSETCATALOG_COMPILER_GENERATE_SWIFT_ASSET_SYMBOL_EXTENSIONS = YES;
				CLANG_ANALYZER_LOCALIZABILITY_NONLOCALIZED = YES;
				CLANG_ANALYZER_NONNULL = YES;
				CLANG_ANALYZER_NUMBER_OBJECT_CONVERSION = YES_AGGRESSIVE;
				CLANG_CXX_LANGUAGE_STANDARD = "gnu++20";
				CLANG_ENABLE_MODULES = YES;
				CLANG_ENABLE_OBJC_ARC = YES;
				CLANG_ENABLE_OBJC_WEAK = YES;
				CLANG_WARN_BLOCK_CAPTURE_AUTORELEASING = YES;
				CLANG_WARN_BOOL_CONVERSION = YES;
				CLANG_WARN_COMMA = YES;
				CLANG_WARN_CONSTANT_CONVERSION = YES;
				CLANG_WARN_DEPRECATED_OBJC_IMPLEMENTATIONS = YES;
				CLANG_WARN_DIRECT_OBJC_ISA_USAGE = YES_ERROR;
				CLANG_WARN_DOCUMENTATION_COMMENTS = YES;
				CLANG_WARN_EMPTY_BODY = YES;
				CLANG_WARN_ENUM_CONVERSION = YES;
				CLANG_WARN_INFINITE_RECURSION = YES;
				CLANG_WARN_INT_CONVERSION = YES;
				CLANG_WARN_NON_LITERAL_NULL_CONVERSION = YES;
				CLANG_WARN_OBJC_IMPLICIT_RETAIN_SELF = YES;
				CLANG_WARN_OBJC_LITERAL_CONVERSION = YES;
				CLANG_WARN_OBJC_ROOT_CLASS = YES_ERROR;
				CLANG_WARN_QUOTED_INCLUDE_IN_FRAMEWORK_HEADER = YES;
				CLANG_WARN_RANGE_LOOP_ANALYSIS = YES;
				CLANG_WARN_STRICT_PROTOTYPES = YES;
				CLANG_WARN_SUSPICIOUS_MOVE = YES;
				CLANG_WARN_UNGUARDED_AVAILABILITY = YES_AGGRESSIVE;
				CLANG_WARN_UNREACHABLE_CODE = YES;
				CLANG_WARN__DUPLICATE_METHOD_MATCH = YES;
				COPY_PHASE_STRIP = NO;
				DEBUG_INFORMATION_FORMAT = dwarf;
				ENABLE_STRICT_OBJC_MSGSEND = YES;
				ENABLE_TESTABILITY = YES;
				ENABLE_USER_SCRIPT_SANDBOXING = YES;
				GCC_C_LANGUAGE_STANDARD = gnu17;
				GCC_DYNAMIC_NO_PIC = NO;
				GCC_NO_COMMON_BLOCKS = YES;
				GCC_OPTIMIZATION_LEVEL = 0;
				GCC_PREPROCESSOR_DEFINITIONS = (
					"DEBUG=1",
					"$(inherited)",
				);
				GCC_WARN_64_TO_32_BIT_CONVERSION = YES;
				GCC_WARN_ABOUT_RETURN_TYPE = YES_ERROR;
				GCC_WARN_UNDECLARED_SELECTOR = YES;
				GCC_WARN_UNINITIALIZED_AUTOS = YES_AGGRESSIVE;
				GCC_WARN_UNUSED_FUNCTION = YES;
				GCC_WARN_UNUSED_VARIABLE = YES;
				IPHONEOS_DEPLOYMENT_TARGET = 18.0;
				LOCALIZATION_PREFERS_STRING_CATALOGS = YES;
				MTL_ENABLE_DEBUG_INFO = INCLUDE_SOURCE;
				MTL_FAST_MATH = YES;
				ONLY_ACTIVE_ARCH = YES;
				SDKROOT = iphoneos;
				SWIFT_ACTIVE_COMPILATION_CONDITIONS = "DEBUG $(inherited)";
				SWIFT_OPTIMIZATION_LEVEL = "-Onone";
			};
			name = Debug;
		};
		82D3B35E2DB99165000C59C4 /* Release */ = {
			isa = XCBuildConfiguration;
			buildSettings = {
				ALWAYS_SEARCH_USER_PATHS = NO;
				ASSETCATALOG_COMPILER_GENERATE_SWIFT_ASSET_SYMBOL_EXTENSIONS = YES;
				CLANG_ANALYZER_LOCALIZABILITY_NONLOCALIZED = YES;
				CLANG_ANALYZER_NONNULL = YES;
				CLANG_ANALYZER_NUMBER_OBJECT_CONVERSION = YES_AGGRESSIVE;
				CLANG_CXX_LANGUAGE_STANDARD = "gnu++20";
				CLANG_ENABLE_MODULES = YES;
				CLANG_ENABLE_OBJC_ARC = YES;
				CLANG_ENABLE_OBJC_WEAK = YES;
				CLANG_WARN_BLOCK_CAPTURE_AUTORELEASING = YES;
				CLANG_WARN_BOOL_CONVERSION = YES;
				CLANG_WARN_COMMA = YES;
				CLANG_WARN_CONSTANT_CONVERSION = YES;
				CLANG_WARN_DEPRECATED_OBJC_IMPLEMENTATIONS = YES;
				CLANG_WARN_DIRECT_OBJC_ISA_USAGE = YES_ERROR;
				CLANG_WARN_DOCUMENTATION_COMMENTS = YES;
				CLANG_WARN_EMPTY_BODY = YES;
				CLANG_WARN_ENUM_CONVERSION = YES;
				CLANG_WARN_INFINITE_RECURSION = YES;
				CLANG_WARN_INT_CONVERSION = YES;
				CLANG_WARN_NON_LITERAL_NULL_CONVERSION = YES;
				CLANG_WARN_OBJC_IMPLICIT_RETAIN_SELF = YES;
				CLANG_WARN_OBJC_LITERAL_CONVERSION = YES;
				CLANG_WARN_OBJC_ROOT_CLASS = YES_ERROR;
				CLANG_WARN_QUOTED_INCLUDE_IN_FRAMEWORK_HEADER = YES;
				CLANG_WARN_RANGE_LOOP_ANALYSIS = YES;
				CLANG_WARN_STRICT_PROTOTYPES = YES;
				CLANG_WARN_SUSPICIOUS_MOVE = YES;
				CLANG_WARN_UNGUARDED_AVAILABILITY = YES_AGGRESSIVE;
				CLANG_WARN_UNREACHABLE_CODE = YES;
				CLANG_WARN__DUPLICATE_METHOD_MATCH = YES;
				COPY_PHASE_STRIP = NO;
				DEBUG_INFORMATION_FORMAT = "dwarf-with-dsym";
				ENABLE_NS_ASSERTIONS = NO;
				ENABLE_STRICT_OBJC_MSGSEND = YES;
				ENABLE_USER_SCRIPT_SANDBOXING = YES;
				GCC_C_LANGUAGE_STANDARD = gnu17;
				GCC_NO_COMMON_BLOCKS = YES;
				GCC_WARN_64_TO_32_BIT_CONVERSION = YES;
				GCC_WARN_ABOUT_RETURN_TYPE = YES_ERROR;
				GCC_WARN_UNDECLARED_SELECTOR = YES;
				GCC_WARN_UNINITIALIZED_AUTOS = YES_AGGRESSIVE;
				GCC_WARN_UNUSED_FUNCTION = YES;
				GCC_WARN_UNUSED_VARIABLE = YES;
				IPHONEOS_DEPLOYMENT_TARGET = 18.0;
				LOCALIZATION_PREFERS_STRING_CATALOGS = YES;
				MTL_ENABLE_DEBUG_INFO = NO;
				MTL_FAST_MATH = YES;
				SDKROOT = iphoneos;
				SWIFT_COMPILATION_MODE = wholemodule;
				VALIDATE_PRODUCT = YES;
			};
			name = Release;
		};
		82D3B3602DB99165000C59C4 /* Debug */ = {
			isa = XCBuildConfiguration;
			buildSettings = {
				ASSETCATALOG_COMPILER_APPICON_NAME = AppIcon;
				ASSETCATALOG_COMPILER_GLOBAL_ACCENT_COLOR_NAME = AccentColor;
				CODE_SIGN_STYLE = Automatic;
				CURRENT_PROJECT_VERSION = 1;
				DEVELOPMENT_ASSET_PATHS = "\"Activity/Preview Content\"";
				DEVELOPMENT_TEAM = A8483PP4UH;
				ENABLE_PREVIEWS = YES;
				GENERATE_INFOPLIST_FILE = YES;
				INFOPLIST_KEY_UIApplicationSceneManifest_Generation = YES;
				INFOPLIST_KEY_UIApplicationSupportsIndirectInputEvents = YES;
				INFOPLIST_KEY_UILaunchScreen_Generation = YES;
				INFOPLIST_KEY_UISupportedInterfaceOrientations_iPad = "UIInterfaceOrientationPortrait UIInterfaceOrientationPortraitUpsideDown UIInterfaceOrientationLandscapeLeft UIInterfaceOrientationLandscapeRight";
				INFOPLIST_KEY_UISupportedInterfaceOrientations_iPhone = "UIInterfaceOrientationPortrait UIInterfaceOrientationLandscapeLeft UIInterfaceOrientationLandscapeRight";
				LD_RUNPATH_SEARCH_PATHS = (
					"$(inherited)",
					"@executable_path/Frameworks",
				);
				MARKETING_VERSION = 1.0;
				PRODUCT_BUNDLE_IDENTIFIER = baharatbas.Activity;
				PRODUCT_NAME = "$(TARGET_NAME)";
				SWIFT_EMIT_LOC_STRINGS = YES;
				SWIFT_VERSION = 5.0;
				TARGETED_DEVICE_FAMILY = "1,2";
			};
			name = Debug;
		};
		82D3B3612DB99165000C59C4 /* Release */ = {
			isa = XCBuildConfiguration;
			buildSettings = {
				ASSETCATALOG_COMPILER_APPICON_NAME = AppIcon;
				ASSETCATALOG_COMPILER_GLOBAL_ACCENT_COLOR_NAME = AccentColor;
				CODE_SIGN_STYLE = Automatic;
				CURRENT_PROJECT_VERSION = 1;
				DEVELOPMENT_ASSET_PATHS = "\"Activity/Preview Content\"";
				DEVELOPMENT_TEAM = A8483PP4UH;
				ENABLE_PREVIEWS = YES;
				GENERATE_INFOPLIST_FILE = YES;
				INFOPLIST_KEY_UIApplicationSceneManifest_Generation = YES;
				INFOPLIST_KEY_UIApplicationSupportsIndirectInputEvents = YES;
				INFOPLIST_KEY_UILaunchScreen_Generation = YES;
				INFOPLIST_KEY_UISupportedInterfaceOrientations_iPad = "UIInterfaceOrientationPortrait UIInterfaceOrientationPortraitUpsideDown UIInterfaceOrientationLandscapeLeft UIInterfaceOrientationLandscapeRight";
				INFOPLIST_KEY_UISupportedInterfaceOrientations_iPhone = "UIInterfaceOrientationPortrait UIInterfaceOrientationLandscapeLeft UIInterfaceOrientationLandscapeRight";
				LD_RUNPATH_SEARCH_PATHS = (
					"$(inherited)",
					"@executable_path/Frameworks",
				);
				MARKETING_VERSION = 1.0;
				PRODUCT_BUNDLE_IDENTIFIER = baharatbas.Activity;
				PRODUCT_NAME = "$(TARGET_NAME)";
				SWIFT_EMIT_LOC_STRINGS = YES;
				SWIFT_VERSION = 5.0;
				TARGETED_DEVICE_FAMILY = "1,2";
			};
			name = Release;
		};
		82D3B3632DB99165000C59C4 /* Debug */ = {
			isa = XCBuildConfiguration;
			buildSettings = {
				BUNDLE_LOADER = "$(TEST_HOST)";
				CODE_SIGN_STYLE = Automatic;
				CURRENT_PROJECT_VERSION = 1;
				DEVELOPMENT_TEAM = A8483PP4UH;
				GENERATE_INFOPLIST_FILE = YES;
				IPHONEOS_DEPLOYMENT_TARGET = 18.0;
				MARKETING_VERSION = 1.0;
				PRODUCT_BUNDLE_IDENTIFIER = baharatbas.ActivityTests;
				PRODUCT_NAME = "$(TARGET_NAME)";
				SWIFT_EMIT_LOC_STRINGS = NO;
				SWIFT_VERSION = 5.0;
				TARGETED_DEVICE_FAMILY = "1,2";
				TEST_HOST = "$(BUILT_PRODUCTS_DIR)/Activity.app/$(BUNDLE_EXECUTABLE_FOLDER_PATH)/Activity";
			};
			name = Debug;
		};
		82D3B3642DB99165000C59C4 /* Release */ = {
			isa = XCBuildConfiguration;
			buildSettings = {
				BUNDLE_LOADER = "$(TEST_HOST)";
				CODE_SIGN_STYLE = Automatic;
				CURRENT_PROJECT_VERSION = 1;
				DEVELOPMENT_TEAM = A8483PP4UH;
				GENERATE_INFOPLIST_FILE = YES;
				IPHONEOS_DEPLOYMENT_TARGET = 18.0;
				MARKETING_VERSION = 1.0;
				PRODUCT_BUNDLE_IDENTIFIER = baharatbas.ActivityTests;
				PRODUCT_NAME = "$(TARGET_NAME)";
				SWIFT_EMIT_LOC_STRINGS = NO;
				SWIFT_VERSION = 5.0;
				TARGETED_DEVICE_FAMILY = "1,2";
				TEST_HOST = "$(BUILT_PRODUCTS_DIR)/Activity.app/$(BUNDLE_EXECUTABLE_FOLDER_PATH)/Activity";
			};
			name = Release;
		};
		82D3B3662DB99165000C59C4 /* Debug */ = {
			isa = XCBuildConfiguration;
			buildSettings = {
				CODE_SIGN_STYLE = Automatic;
				CURRENT_PROJECT_VERSION = 1;
				DEVELOPMENT_TEAM = A8483PP4UH;
				GENERATE_INFOPLIST_FILE = YES;
				MARKETING_VERSION = 1.0;
				PRODUCT_BUNDLE_IDENTIFIER = baharatbas.ActivityUITests;
				PRODUCT_NAME = "$(TARGET_NAME)";
				SWIFT_EMIT_LOC_STRINGS = NO;
				SWIFT_VERSION = 5.0;
				TARGETED_DEVICE_FAMILY = "1,2";
				TEST_TARGET_NAME = Activity;
			};
			name = Debug;
		};
		82D3B3672DB99165000C59C4 /* Release */ = {
			isa = XCBuildConfiguration;
			buildSettings = {
				CODE_SIGN_STYLE = Automatic;
				CURRENT_PROJECT_VERSION = 1;
				DEVELOPMENT_TEAM = A8483PP4UH;
				GENERATE_INFOPLIST_FILE = YES;
				MARKETING_VERSION = 1.0;
				PRODUCT_BUNDLE_IDENTIFIER = baharatbas.ActivityUITests;
				PRODUCT_NAME = "$(TARGET_NAME)";
				SWIFT_EMIT_LOC_STRINGS = NO;
				SWIFT_VERSION = 5.0;
				TARGETED_DEVICE_FAMILY = "1,2";
				TEST_TARGET_NAME = Activity;
			};
			name = Release;
		};
/* End XCBuildConfiguration section */

/* Begin XCConfigurationList section */
		82D3B3362DB99163000C59C4 /* Build configuration list for PBXProject "Activity" */ = {
			isa = XCConfigurationList;
			buildConfigurations = (
				82D3B35D2DB99165000C59C4 /* Debug */,
				82D3B35E2DB99165000C59C4 /* Release */,
			);
			defaultConfigurationIsVisible = 0;
			defaultConfigurationName = Release;
		};
		82D3B35F2DB99165000C59C4 /* Build configuration list for PBXNativeTarget "Activity" */ = {
			isa = XCConfigurationList;
			buildConfigurations = (
				82D3B3602DB99165000C59C4 /* Debug */,
				82D3B3612DB99165000C59C4 /* Release */,
			);
			defaultConfigurationIsVisible = 0;
			defaultConfigurationName = Release;
		};
		82D3B3622DB99165000C59C4 /* Build configuration list for PBXNativeTarget "ActivityTests" */ = {
			isa = XCConfigurationList;
			buildConfigurations = (
				82D3B3632DB99165000C59C4 /* Debug */,
				82D3B3642DB99165000C59C4 /* Release */,
			);
			defaultConfigurationIsVisible = 0;
			defaultConfigurationName = Release;
		};
		82D3B3652DB99165000C59C4 /* Build configuration list for PBXNativeTarget "ActivityUITests" */ = {
			isa = XCConfigurationList;
			buildConfigurations = (
				82D3B3662DB99165000C59C4 /* Debug */,
				82D3B3672DB99165000C59C4 /* Release */,
			);
			defaultConfigurationIsVisible = 0;
			defaultConfigurationName = Release;
		};
/* End XCConfigurationList section */

/* Begin XCRemoteSwiftPackageReference section */
		8278AEE42DBF7A1000E6A7CB /* XCRemoteSwiftPackageReference "EvenCore" */ = {
			isa = XCRemoteSwiftPackageReference;
			repositoryURL = "https://github.com/baharatbas/EvenCore.git";
			requirement = {
				branch = main;
				kind = branch;
			};
		};
/* End XCRemoteSwiftPackageReference section */

/* Begin XCSwiftPackageProductDependency section */
		8278AEE52DBF7A1000E6A7CB /* EventCore */ = {
			isa = XCSwiftPackageProductDependency;
			package = 8278AEE42DBF7A1000E6A7CB /* XCRemoteSwiftPackageReference "EvenCore" */;
			productName = EventCore;
		};
/* End XCSwiftPackageProductDependency section */

/* Begin XCVersionGroup section */
		82844B712DD0D0A800264067 /* ActivityModel.xcdatamodeld */ = {
			isa = XCVersionGroup;
			children = (
				82844B722DD0D0A800264067 /* ActivityModel.xcdatamodel */,
			);
			currentVersion = 82844B722DD0D0A800264067 /* ActivityModel.xcdatamodel */;
			path = ActivityModel.xcdatamodeld;
			sourceTree = "<group>";
			versionGroupType = wrapper.xcdatamodel;
		};
/* End XCVersionGroup section */
	};
	rootObject = 82D3B3332DB99163000C59C4 /* Project object */;
}
